
Microsoft Visual Studio Solution File, Format Version 12.00
# Visual Studio Version 16
VisualStudioVersion = 16.0.30225.117
MinimumVisualStudioVersion = 10.0.40219.1
Project("{FAE04EC0-301F-11D3-BF4B-00C04F79EFBC}") = "BeerShop", "BeerShop\BeerShop.csproj", "{0D46AED1-FD8B-454A-9529-AD72912B008F}"
EndProject
Global
	GlobalSection(SolutionConfigurationPlatforms) = preSolution
		Debug|Any CPU = Debug|Any CPU
		Release|Any CPU = Release|Any CPU
	EndGlobalSection
	GlobalSection(ProjectConfigurationPlatforms) = postSolution
		{0D46AED1-FD8B-454A-9529-AD72912B008F}.Debug|Any CPU.ActiveCfg = Debug|Any CPU
		{0D46AED1-FD8B-454A-9529-AD72912B008F}.Debug|Any CPU.Build.0 = Debug|Any CPU
		{0D46AED1-FD8B-454A-9529-AD72912B008F}.Release|Any CPU.ActiveCfg = Release|Any CPU
		{0D46AED1-FD8B-454A-9529-AD72912B008F}.Release|Any CPU.Build.0 = Release|Any CPU
	EndGlobalSection
	GlobalSection(SolutionProperties) = preSolution
		HideSolutionNode = FALSE
	EndGlobalSection
	GlobalSection(ExtensibilityGlobals) = postSolution
		SolutionGuid = {F22E7530-B360-4EBB-9E5E-B687635EB11A}
	EndGlobalSection
EndGlobal
